<?xml version="1.0" encoding="utf-8"?>
<Project ToolsVersion="4.0" xmlns="http://schemas.microsoft.com/developer/msbuild/2003">
  <ItemGroup>
    <Filter Include="Source Files">
      <UniqueIdentifier>{96e05a8b-a237-4d11-bd19-347b78607623}</UniqueIdentifier>
      <Extensions>cpp;c;cxx;rc;def;r;odl;idl;hpj;bat</Extensions>
    </Filter>
    <Filter Include="Header Files">
      <UniqueIdentifier>{4a77f7bd-d330-4b61-b79d-a230055290ca}</UniqueIdentifier>
      <Extensions>h;hpp;hxx;hm;inl</Extensions>
    </Filter>
    <Filter Include="Resource Files">
      <UniqueIdentifier>{3ae6de38-8ded-4aca-918a-1257f67d379d}</UniqueIdentifier>
      <Extensions>ico;cur;bmp;dlg;rc2;rct;bin;rgs;gif;jpg;jpeg;jpe</Extensions>
    </Filter>
  </ItemGroup>
  <ItemGroup>
    <ClCompile Include="..\src\alloc.c">
      <Filter>Source Files</Filter>
    </ClCompile>
    <ClCompile Include="..\src\decl.c">
      <Filter>Source Files</Filter>
    </ClCompile>
    <ClCompile Include="..\src\drawing.c">
      <Filter>Source Files</Filter>
    </ClCompile>
    <ClCompile Include="..\util\lev_lex.c">
      <Filter>Source Files</Filter>
    </ClCompile>
    <ClCompile Include="..\util\lev_main.c">
      <Filter>Source Files</Filter>
    </ClCompile>
    <ClCompile Include="..\util\lev_yacc.c">
      <Filter>Source Files</Filter>
    </ClCompile>
    <ClCompile Include="..\src\monst.c">
      <Filter>Source Files</Filter>
    </ClCompile>
    <ClCompile Include="..\src\objects.c">
      <Filter>Source Files</Filter>
    </ClCompile>
    <ClCompile Include="..\util\panic.c">
      <Filter>Source Files</Filter>
    </ClCompile>
  </ItemGroup>
  <ItemGroup>
    <ClInclude Include="..\include\lev_comp.h">
      <Filter>Header Files</Filter>
    </ClInclude>
  </ItemGroup>
</Project>