<?xml version="1.0" encoding="utf-8"?>
<Project ToolsVersion="4.0" xmlns="http://schemas.microsoft.com/developer/msbuild/2003">
  <ItemGroup>
    <Filter Include="Source Files">
      <UniqueIdentifier>{f913b92c-5601-495d-bfc2-a27853586fbb}</UniqueIdentifier>
      <Extensions>cpp;c;cxx;rc;def;r;odl;idl;hpj;bat</Extensions>
    </Filter>
    <Filter Include="Header Files">
      <UniqueIdentifier>{739f7b6d-088b-4e5d-a777-083f1afcbe3f}</UniqueIdentifier>
      <Extensions>h;hpp;hxx;hm;inl</Extensions>
    </Filter>
    <Filter Include="Resource Files">
      <UniqueIdentifier>{c5145089-92ff-4d92-a720-37ce88801ae5}</UniqueIdentifier>
      <Extensions>ico;cur;bmp;dlg;rc2;rct;bin;rgs;gif;jpg;jpeg;jpe</Extensions>
    </Filter>
  </ItemGroup>
  <ItemGroup>
    <ClCompile Include="..\util\makedefs.c">
      <Filter>Source Files</Filter>
    </ClCompile>
    <ClCompile Include="..\src\monst.c">
      <Filter>Source Files</Filter>
    </ClCompile>
    <ClCompile Include="..\src\objects.c">
      <Filter>Source Files</Filter>
    </ClCompile>
  </ItemGroup>
  <ItemGroup>
    <ClInclude Include="..\include\config.h">
      <Filter>Header Files</Filter>
    </ClInclude>
    <ClInclude Include="..\include\config1.h">
      <Filter>Header Files</Filter>
    </ClInclude>
    <ClInclude Include="..\include\coord.h">
      <Filter>Header Files</Filter>
    </ClInclude>
    <ClInclude Include="..\include\global.h">
      <Filter>Header Files</Filter>
    </ClInclude>
    <ClInclude Include="..\include\monattk.h">
      <Filter>Header Files</Filter>
    </ClInclude>
    <ClInclude Include="..\include\monflag.h">
      <Filter>Header Files</Filter>
    </ClInclude>
    <ClInclude Include="..\include\monsym.h">
      <Filter>Header Files</Filter>
    </ClInclude>
    <ClInclude Include="..\include\nhlan.h">
      <Filter>Header Files</Filter>
    </ClInclude>
    <ClInclude Include="..\include\ntconf.h">
      <Filter>Header Files</Filter>
    </ClInclude>
    <ClInclude Include="..\include\objclass.h">
      <Filter>Header Files</Filter>
    </ClInclude>
    <ClInclude Include="..\include\patchlevel.h">
      <Filter>Header Files</Filter>
    </ClInclude>
    <ClInclude Include="..\include\qtext.h">
      <Filter>Header Files</Filter>
    </ClInclude>
    <ClInclude Include="..\include\tradstdc.h">
      <Filter>Header Files</Filter>
    </ClInclude>
  </ItemGroup>
</Project>