
Microsoft Visual Studio Solution File, Format Version 12.00
# Visual Studio Express 2013 for Windows Desktop
VisualStudioVersion = 12.0.21005.1
MinimumVisualStudioVersion = 10.0.40219.1
Project("{8BC9CEB8-8B4A-11D0-8D11-00A0C91BC942}") = "NetHackW", "build\NetHackW.vcxproj", "{BB934916-7969-40B1-9019-991D06B85236}"
EndProject
Project("{8BC9CEB8-8B4A-11D0-8D11-00A0C91BC942}") = "dgncomp", "build\dgncomp.vcxproj", "{E0FA16D4-3380-433B-AD70-A4E79D1A7AC1}"
EndProject
Project("{8BC9CEB8-8B4A-11D0-8D11-00A0C91BC942}") = "dgnstuff", "build\dgnstuff.vcxproj", "{BBE363D3-B6FC-4142-80BA-1F192260C5C3}"
EndProject
Project("{8BC9CEB8-8B4A-11D0-8D11-00A0C91BC942}") = "dlb_main", "build\dlb_main.vcxproj", "{80329A67-7DCB-4522-A61B-D8220A655F4A}"
EndProject
Project("{8BC9CEB8-8B4A-11D0-8D11-00A0C91BC942}") = "levcomp", "build\levcomp.vcxproj", "{26DBBB78-4FA4-4981-847C-AB10E76E7573}"
EndProject
Project("{8BC9CEB8-8B4A-11D0-8D11-00A0C91BC942}") = "levstuff", "build\levstuff.vcxproj", "{433B72D6-5A0B-49EB-883F-078FE8A1C519}"
EndProject
Project("{8BC9CEB8-8B4A-11D0-8D11-00A0C91BC942}") = "makedefs", "build\makedefs.vcxproj", "{B4D3C3D4-E31E-4D82-9064-A32E86BFC03D}"
EndProject
Project("{8BC9CEB8-8B4A-11D0-8D11-00A0C91BC942}") = "recover", "build\recover.vcxproj", "{B18361AD-E6E0-4AA3-8FAB-A225B40CC58A}"
EndProject
Project("{8BC9CEB8-8B4A-11D0-8D11-00A0C91BC942}") = "tile2bmp", "build\tile2bmp.vcxproj", "{9AE37BAE-C760-4B74-860B-D511CA767741}"
EndProject
Project("{8BC9CEB8-8B4A-11D0-8D11-00A0C91BC942}") = "tilemap", "build\tilemap.vcxproj", "{B49AEEBA-76FC-4763-8E12-0C6DB3E2FEA6}"
EndProject
Project("{8BC9CEB8-8B4A-11D0-8D11-00A0C91BC942}") = "tiles", "build\tiles.vcxproj", "{EBBB1625-A3B8-4239-B022-E38AF68F1291}"
EndProject
Project("{8BC9CEB8-8B4A-11D0-8D11-00A0C91BC942}") = "uudecode", "build\uudecode.vcxproj", "{217BA6AF-F3AF-4345-B3AB-8358D642502E}"
EndProject
Global
	GlobalSection(SolutionConfigurationPlatforms) = preSolution
		Debug|Win32 = Debug|Win32
		Release|Win32 = Release|Win32
	EndGlobalSection
	GlobalSection(ProjectConfigurationPlatforms) = postSolution
		{BB934916-7969-40B1-9019-991D06B85236}.Debug|Win32.ActiveCfg = Debug|Win32
		{BB934916-7969-40B1-9019-991D06B85236}.Debug|Win32.Build.0 = Debug|Win32
		{BB934916-7969-40B1-9019-991D06B85236}.Release|Win32.ActiveCfg = Release|Win32
		{BB934916-7969-40B1-9019-991D06B85236}.Release|Win32.Build.0 = Release|Win32
		{E0FA16D4-3380-433B-AD70-A4E79D1A7AC1}.Debug|Win32.ActiveCfg = Debug|Win32
		{E0FA16D4-3380-433B-AD70-A4E79D1A7AC1}.Debug|Win32.Build.0 = Debug|Win32
		{E0FA16D4-3380-433B-AD70-A4E79D1A7AC1}.Release|Win32.ActiveCfg = Release|Win32
		{E0FA16D4-3380-433B-AD70-A4E79D1A7AC1}.Release|Win32.Build.0 = Release|Win32
		{BBE363D3-B6FC-4142-80BA-1F192260C5C3}.Debug|Win32.ActiveCfg = Debug|Win32
		{BBE363D3-B6FC-4142-80BA-1F192260C5C3}.Debug|Win32.Build.0 = Debug|Win32
		{BBE363D3-B6FC-4142-80BA-1F192260C5C3}.Release|Win32.ActiveCfg = Release|Win32
		{BBE363D3-B6FC-4142-80BA-1F192260C5C3}.Release|Win32.Build.0 = Release|Win32
		{80329A67-7DCB-4522-A61B-D8220A655F4A}.Debug|Win32.ActiveCfg = Debug|Win32
		{80329A67-7DCB-4522-A61B-D8220A655F4A}.Debug|Win32.Build.0 = Debug|Win32
		{80329A67-7DCB-4522-A61B-D8220A655F4A}.Release|Win32.ActiveCfg = Release|Win32
		{80329A67-7DCB-4522-A61B-D8220A655F4A}.Release|Win32.Build.0 = Release|Win32
		{26DBBB78-4FA4-4981-847C-AB10E76E7573}.Debug|Win32.ActiveCfg = Debug|Win32
		{26DBBB78-4FA4-4981-847C-AB10E76E7573}.Debug|Win32.Build.0 = Debug|Win32
		{26DBBB78-4FA4-4981-847C-AB10E76E7573}.Release|Win32.ActiveCfg = Release|Win32
		{26DBBB78-4FA4-4981-847C-AB10E76E7573}.Release|Win32.Build.0 = Release|Win32
		{433B72D6-5A0B-49EB-883F-078FE8A1C519}.Debug|Win32.ActiveCfg = Debug|Win32
		{433B72D6-5A0B-49EB-883F-078FE8A1C519}.Debug|Win32.Build.0 = Debug|Win32
		{433B72D6-5A0B-49EB-883F-078FE8A1C519}.Release|Win32.ActiveCfg = Release|Win32
		{433B72D6-5A0B-49EB-883F-078FE8A1C519}.Release|Win32.Build.0 = Release|Win32
		{B4D3C3D4-E31E-4D82-9064-A32E86BFC03D}.Debug|Win32.ActiveCfg = Debug|Win32
		{B4D3C3D4-E31E-4D82-9064-A32E86BFC03D}.Debug|Win32.Build.0 = Debug|Win32
		{B4D3C3D4-E31E-4D82-9064-A32E86BFC03D}.Release|Win32.ActiveCfg = Release|Win32
		{B4D3C3D4-E31E-4D82-9064-A32E86BFC03D}.Release|Win32.Build.0 = Release|Win32
		{B18361AD-E6E0-4AA3-8FAB-A225B40CC58A}.Debug|Win32.ActiveCfg = Debug|Win32
		{B18361AD-E6E0-4AA3-8FAB-A225B40CC58A}.Debug|Win32.Build.0 = Debug|Win32
		{B18361AD-E6E0-4AA3-8FAB-A225B40CC58A}.Release|Win32.ActiveCfg = Release|Win32
		{B18361AD-E6E0-4AA3-8FAB-A225B40CC58A}.Release|Win32.Build.0 = Release|Win32
		{9AE37BAE-C760-4B74-860B-D511CA767741}.Debug|Win32.ActiveCfg = Debug|Win32
		{9AE37BAE-C760-4B74-860B-D511CA767741}.Debug|Win32.Build.0 = Debug|Win32
		{9AE37BAE-C760-4B74-860B-D511CA767741}.Release|Win32.ActiveCfg = Release|Win32
		{9AE37BAE-C760-4B74-860B-D511CA767741}.Release|Win32.Build.0 = Release|Win32
		{B49AEEBA-76FC-4763-8E12-0C6DB3E2FEA6}.Debug|Win32.ActiveCfg = Debug|Win32
		{B49AEEBA-76FC-4763-8E12-0C6DB3E2FEA6}.Debug|Win32.Build.0 = Debug|Win32
		{B49AEEBA-76FC-4763-8E12-0C6DB3E2FEA6}.Release|Win32.ActiveCfg = Release|Win32
		{B49AEEBA-76FC-4763-8E12-0C6DB3E2FEA6}.Release|Win32.Build.0 = Release|Win32
		{EBBB1625-A3B8-4239-B022-E38AF68F1291}.Debug|Win32.ActiveCfg = Debug|Win32
		{EBBB1625-A3B8-4239-B022-E38AF68F1291}.Debug|Win32.Build.0 = Debug|Win32
		{EBBB1625-A3B8-4239-B022-E38AF68F1291}.Release|Win32.ActiveCfg = Release|Win32
		{EBBB1625-A3B8-4239-B022-E38AF68F1291}.Release|Win32.Build.0 = Release|Win32
		{217BA6AF-F3AF-4345-B3AB-8358D642502E}.Debug|Win32.ActiveCfg = Debug|Win32
		{217BA6AF-F3AF-4345-B3AB-8358D642502E}.Debug|Win32.Build.0 = Debug|Win32
		{217BA6AF-F3AF-4345-B3AB-8358D642502E}.Release|Win32.ActiveCfg = Release|Win32
		{217BA6AF-F3AF-4345-B3AB-8358D642502E}.Release|Win32.Build.0 = Release|Win32
	EndGlobalSection
	GlobalSection(SolutionProperties) = preSolution
		HideSolutionNode = FALSE
	EndGlobalSection
EndGlobal
